
Microsoft Visual Studio Solution File, Format Version 12.00
# Visual Studio 15
VisualStudioVersion = 15.0.27130.2010
MinimumVisualStudioVersion = 10.0.40219.1
Project("{FAE04EC0-301F-11D3-BF4B-00C04F79EFBC}") = "NetCommon.Console", "NetCommon.Console\NetCommon.Console.csproj", "{685A89FE-8BC1-4BA9-9CEA-AC153DDD607F}"
EndProject
Global
	GlobalSection(SolutionConfigurationPlatforms) = preSolution
		Debug|Any CPU = Debug|Any CPU
		Release|Any CPU = Release|Any CPU
	EndGlobalSection
	GlobalSection(ProjectConfigurationPlatforms) = postSolution
		{685A89FE-8BC1-4BA9-9CEA-AC153DDD607F}.Debug|Any CPU.ActiveCfg = Debug|Any CPU
		{685A89FE-8BC1-4BA9-9CEA-AC153DDD607F}.Debug|Any CPU.Build.0 = Debug|Any CPU
		{685A89FE-8BC1-4BA9-9CEA-AC153DDD607F}.Release|Any CPU.ActiveCfg = Release|Any CPU
		{685A89FE-8BC1-4BA9-9CEA-AC153DDD607F}.Release|Any CPU.Build.0 = Release|Any CPU
	EndGlobalSection
	GlobalSection(SolutionProperties) = preSolution
		HideSolutionNode = FALSE
	EndGlobalSection
	GlobalSection(ExtensibilityGlobals) = postSolution
		SolutionGuid = {87944024-E873-4430-ADD4-507DD21CC68B}
	EndGlobalSection
EndGlobal
